
Microsoft Visual Studio Solution File, Format Version 12.00
# Visual Studio Version 17
VisualStudioVersion = 17.14.36414.22 d17.14
MinimumVisualStudioVersion = 10.0.40219.1
Project("{FAE04EC0-301F-11D3-BF4B-00C04F79EFBC}") = "FastkartMPA201", "FastkartMPA201\FastkartMPA201.csproj", "{BF1DCD4F-E944-42BE-B973-36F2AF014F68}"
EndProject
Global
	GlobalSection(SolutionConfigurationPlatforms) = preSolution
		Debug|Any CPU = Debug|Any CPU
		Release|Any CPU = Release|Any CPU
	EndGlobalSection
	GlobalSection(ProjectConfigurationPlatforms) = postSolution
		{BF1DCD4F-E944-42BE-B973-36F2AF014F68}.Debug|Any CPU.ActiveCfg = Debug|Any CPU
		{BF1DCD4F-E944-42BE-B973-36F2AF014F68}.Debug|Any CPU.Build.0 = Debug|Any CPU
		{BF1DCD4F-E944-42BE-B973-36F2AF014F68}.Release|Any CPU.ActiveCfg = Release|Any CPU
		{BF1DCD4F-E944-42BE-B973-36F2AF014F68}.Release|Any CPU.Build.0 = Release|Any CPU
	EndGlobalSection
	GlobalSection(SolutionProperties) = preSolution
		HideSolutionNode = FALSE
	EndGlobalSection
	GlobalSection(ExtensibilityGlobals) = postSolution
		SolutionGuid = {D0522D86-F31B-472F-9B1C-EA29CEEDBA5D}
	EndGlobalSection
EndGlobal
